
Microsoft Visual Studio Solution File, Format Version 12.00
# Visual Studio Version 16
VisualStudioVersion = 16.0.31005.135
MinimumVisualStudioVersion = 10.0.40219.1
Project("{FAE04EC0-301F-11D3-BF4B-00C04F79EFBC}") = "20_UsingApplication", "20_UsingApplication\20_UsingApplication.csproj", "{00DC4378-374D-4C5F-8D2F-F1C5B7F9BFC2}"
EndProject
Global
	GlobalSection(SolutionConfigurationPlatforms) = preSolution
		Debug|Any CPU = Debug|Any CPU
		Release|Any CPU = Release|Any CPU
	EndGlobalSection
	GlobalSection(ProjectConfigurationPlatforms) = postSolution
		{00DC4378-374D-4C5F-8D2F-F1C5B7F9BFC2}.Debug|Any CPU.ActiveCfg = Debug|Any CPU
		{00DC4378-374D-4C5F-8D2F-F1C5B7F9BFC2}.Debug|Any CPU.Build.0 = Debug|Any CPU
		{00DC4378-374D-4C5F-8D2F-F1C5B7F9BFC2}.Release|Any CPU.ActiveCfg = Release|Any CPU
		{00DC4378-374D-4C5F-8D2F-F1C5B7F9BFC2}.Release|Any CPU.Build.0 = Release|Any CPU
	EndGlobalSection
	GlobalSection(SolutionProperties) = preSolution
		HideSolutionNode = FALSE
	EndGlobalSection
	GlobalSection(ExtensibilityGlobals) = postSolution
		SolutionGuid = {94E00EAF-4273-4419-BBD4-E8A818AF8BCF}
	EndGlobalSection
EndGlobal
