
Microsoft Visual Studio Solution File, Format Version 12.00
# Visual Studio Version 16
VisualStudioVersion = 16.0.31005.135
MinimumVisualStudioVersion = 10.0.40219.1
Project("{FAE04EC0-301F-11D3-BF4B-00C04F79EFBC}") = "13_UsingCallback", "13_UsingCallback\13_UsingCallback.csproj", "{B9050FD4-B641-4162-915E-B996CAD0FFB4}"
EndProject
Global
	GlobalSection(SolutionConfigurationPlatforms) = preSolution
		Debug|Any CPU = Debug|Any CPU
		Release|Any CPU = Release|Any CPU
	EndGlobalSection
	GlobalSection(ProjectConfigurationPlatforms) = postSolution
		{B9050FD4-B641-4162-915E-B996CAD0FFB4}.Debug|Any CPU.ActiveCfg = Debug|Any CPU
		{B9050FD4-B641-4162-915E-B996CAD0FFB4}.Debug|Any CPU.Build.0 = Debug|Any CPU
		{B9050FD4-B641-4162-915E-B996CAD0FFB4}.Release|Any CPU.ActiveCfg = Release|Any CPU
		{B9050FD4-B641-4162-915E-B996CAD0FFB4}.Release|Any CPU.Build.0 = Release|Any CPU
	EndGlobalSection
	GlobalSection(SolutionProperties) = preSolution
		HideSolutionNode = FALSE
	EndGlobalSection
	GlobalSection(ExtensibilityGlobals) = postSolution
		SolutionGuid = {15DF535F-FE50-46F4-9278-9CDEAAAF8EEA}
	EndGlobalSection
EndGlobal
