
Microsoft Visual Studio Solution File, Format Version 12.00
# Visual Studio Version 16
VisualStudioVersion = 16.0.31005.135
MinimumVisualStudioVersion = 10.0.40219.1
Project("{FAE04EC0-301F-11D3-BF4B-00C04F79EFBC}") = "18_SeqNRand", "18_SeqNRand\18_SeqNRand.csproj", "{01DE3867-B76F-47E3-A3D8-9F383F38BFDB}"
EndProject
Global
	GlobalSection(SolutionConfigurationPlatforms) = preSolution
		Debug|Any CPU = Debug|Any CPU
		Release|Any CPU = Release|Any CPU
	EndGlobalSection
	GlobalSection(ProjectConfigurationPlatforms) = postSolution
		{01DE3867-B76F-47E3-A3D8-9F383F38BFDB}.Debug|Any CPU.ActiveCfg = Debug|Any CPU
		{01DE3867-B76F-47E3-A3D8-9F383F38BFDB}.Debug|Any CPU.Build.0 = Debug|Any CPU
		{01DE3867-B76F-47E3-A3D8-9F383F38BFDB}.Release|Any CPU.ActiveCfg = Release|Any CPU
		{01DE3867-B76F-47E3-A3D8-9F383F38BFDB}.Release|Any CPU.Build.0 = Release|Any CPU
	EndGlobalSection
	GlobalSection(SolutionProperties) = preSolution
		HideSolutionNode = FALSE
	EndGlobalSection
	GlobalSection(ExtensibilityGlobals) = postSolution
		SolutionGuid = {162FC56D-FAB4-4432-86E1-A9D41461CEA4}
	EndGlobalSection
EndGlobal
