
Microsoft Visual Studio Solution File, Format Version 12.00
# Visual Studio Version 16
VisualStudioVersion = 16.0.31005.135
MinimumVisualStudioVersion = 10.0.40219.1
Project("{FAE04EC0-301F-11D3-BF4B-00C04F79EFBC}") = "10_MoreOnArray", "10_MoreOnArray\10_MoreOnArray.csproj", "{502A3A73-2F20-4F2F-978B-31738B928165}"
EndProject
Global
	GlobalSection(SolutionConfigurationPlatforms) = preSolution
		Debug|Any CPU = Debug|Any CPU
		Release|Any CPU = Release|Any CPU
	EndGlobalSection
	GlobalSection(ProjectConfigurationPlatforms) = postSolution
		{502A3A73-2F20-4F2F-978B-31738B928165}.Debug|Any CPU.ActiveCfg = Debug|Any CPU
		{502A3A73-2F20-4F2F-978B-31738B928165}.Debug|Any CPU.Build.0 = Debug|Any CPU
		{502A3A73-2F20-4F2F-978B-31738B928165}.Release|Any CPU.ActiveCfg = Release|Any CPU
		{502A3A73-2F20-4F2F-978B-31738B928165}.Release|Any CPU.Build.0 = Release|Any CPU
	EndGlobalSection
	GlobalSection(SolutionProperties) = preSolution
		HideSolutionNode = FALSE
	EndGlobalSection
	GlobalSection(ExtensibilityGlobals) = postSolution
		SolutionGuid = {3CFB6470-E2B4-4CCA-B212-0B141415865B}
	EndGlobalSection
EndGlobal
