
Microsoft Visual Studio Solution File, Format Version 12.00
# Visual Studio Version 16
VisualStudioVersion = 16.0.31005.135
MinimumVisualStudioVersion = 10.0.40219.1
Project("{FAE04EC0-301F-11D3-BF4B-00C04F79EFBC}") = "04_NullCoalescing", "04_NullCoalescing\04_NullCoalescing.csproj", "{9AF05E9E-9655-40CF-94E5-584A5C6B72A7}"
EndProject
Global
	GlobalSection(SolutionConfigurationPlatforms) = preSolution
		Debug|Any CPU = Debug|Any CPU
		Release|Any CPU = Release|Any CPU
	EndGlobalSection
	GlobalSection(ProjectConfigurationPlatforms) = postSolution
		{9AF05E9E-9655-40CF-94E5-584A5C6B72A7}.Debug|Any CPU.ActiveCfg = Debug|Any CPU
		{9AF05E9E-9655-40CF-94E5-584A5C6B72A7}.Debug|Any CPU.Build.0 = Debug|Any CPU
		{9AF05E9E-9655-40CF-94E5-584A5C6B72A7}.Release|Any CPU.ActiveCfg = Release|Any CPU
		{9AF05E9E-9655-40CF-94E5-584A5C6B72A7}.Release|Any CPU.Build.0 = Release|Any CPU
	EndGlobalSection
	GlobalSection(SolutionProperties) = preSolution
		HideSolutionNode = FALSE
	EndGlobalSection
	GlobalSection(ExtensibilityGlobals) = postSolution
		SolutionGuid = {126E18B6-1C1B-4764-A7C3-550FCB09E379}
	EndGlobalSection
EndGlobal
