
Microsoft Visual Studio Solution File, Format Version 12.00
# Visual Studio Version 16
VisualStudioVersion = 16.0.31005.135
MinimumVisualStudioVersion = 10.0.40219.1
Project("{FAE04EC0-301F-11D3-BF4B-00C04F79EFBC}") = "21_EchoServer", "21_EchoServer\21_EchoServer.csproj", "{CA234236-D91B-4F39-9D21-31EE819D6A9A}"
EndProject
Global
	GlobalSection(SolutionConfigurationPlatforms) = preSolution
		Debug|Any CPU = Debug|Any CPU
		Release|Any CPU = Release|Any CPU
	EndGlobalSection
	GlobalSection(ProjectConfigurationPlatforms) = postSolution
		{CA234236-D91B-4F39-9D21-31EE819D6A9A}.Debug|Any CPU.ActiveCfg = Debug|Any CPU
		{CA234236-D91B-4F39-9D21-31EE819D6A9A}.Debug|Any CPU.Build.0 = Debug|Any CPU
		{CA234236-D91B-4F39-9D21-31EE819D6A9A}.Release|Any CPU.ActiveCfg = Release|Any CPU
		{CA234236-D91B-4F39-9D21-31EE819D6A9A}.Release|Any CPU.Build.0 = Release|Any CPU
	EndGlobalSection
	GlobalSection(SolutionProperties) = preSolution
		HideSolutionNode = FALSE
	EndGlobalSection
	GlobalSection(ExtensibilityGlobals) = postSolution
		SolutionGuid = {18A7C204-05D3-4630-A659-4E46F76DD710}
	EndGlobalSection
EndGlobal
