
Microsoft Visual Studio Solution File, Format Version 12.00
# Visual Studio Version 16
VisualStudioVersion = 16.0.31005.135
MinimumVisualStudioVersion = 10.0.40219.1
Project("{FAE04EC0-301F-11D3-BF4B-00C04F79EFBC}") = "20_MessageFilter", "20_MessageFilter\20_MessageFilter.csproj", "{E5BF4DBF-413C-4C89-9B8E-1C865BCC36D0}"
EndProject
Global
	GlobalSection(SolutionConfigurationPlatforms) = preSolution
		Debug|Any CPU = Debug|Any CPU
		Release|Any CPU = Release|Any CPU
	EndGlobalSection
	GlobalSection(ProjectConfigurationPlatforms) = postSolution
		{E5BF4DBF-413C-4C89-9B8E-1C865BCC36D0}.Debug|Any CPU.ActiveCfg = Debug|Any CPU
		{E5BF4DBF-413C-4C89-9B8E-1C865BCC36D0}.Debug|Any CPU.Build.0 = Debug|Any CPU
		{E5BF4DBF-413C-4C89-9B8E-1C865BCC36D0}.Release|Any CPU.ActiveCfg = Release|Any CPU
		{E5BF4DBF-413C-4C89-9B8E-1C865BCC36D0}.Release|Any CPU.Build.0 = Release|Any CPU
	EndGlobalSection
	GlobalSection(SolutionProperties) = preSolution
		HideSolutionNode = FALSE
	EndGlobalSection
	GlobalSection(ExtensibilityGlobals) = postSolution
		SolutionGuid = {522C3E54-892E-487E-9403-AAC7F1039845}
	EndGlobalSection
EndGlobal
