
Microsoft Visual Studio Solution File, Format Version 12.00
# Visual Studio 15
VisualStudioVersion = 15.0.28307.1300
MinimumVisualStudioVersion = 10.0.40219.1
Project("{FAE04EC0-301F-11D3-BF4B-00C04F79EFBC}") = "FloatConversion", "FloatConversion\FloatConversion.csproj", "{C42BC0D8-8515-4E4C-88D0-AE3C308C269B}"
EndProject
Global
	GlobalSection(SolutionConfigurationPlatforms) = preSolution
		Debug|Any CPU = Debug|Any CPU
		Release|Any CPU = Release|Any CPU
	EndGlobalSection
	GlobalSection(ProjectConfigurationPlatforms) = postSolution
		{C42BC0D8-8515-4E4C-88D0-AE3C308C269B}.Debug|Any CPU.ActiveCfg = Debug|Any CPU
		{C42BC0D8-8515-4E4C-88D0-AE3C308C269B}.Debug|Any CPU.Build.0 = Debug|Any CPU
		{C42BC0D8-8515-4E4C-88D0-AE3C308C269B}.Release|Any CPU.ActiveCfg = Release|Any CPU
		{C42BC0D8-8515-4E4C-88D0-AE3C308C269B}.Release|Any CPU.Build.0 = Release|Any CPU
	EndGlobalSection
	GlobalSection(SolutionProperties) = preSolution
		HideSolutionNode = FALSE
	EndGlobalSection
	GlobalSection(ExtensibilityGlobals) = postSolution
		SolutionGuid = {DB34D1C0-E865-46A6-9D96-F10D7096E9D0}
	EndGlobalSection
EndGlobal
