
Microsoft Visual Studio Solution File, Format Version 12.00
# Visual Studio Version 16
VisualStudioVersion = 16.0.31005.135
MinimumVisualStudioVersion = 10.0.40219.1
Project("{FAE04EC0-301F-11D3-BF4B-00C04F79EFBC}") = "17_COMInterop", "17_COMInterop\17_COMInterop.csproj", "{93DA8426-63CD-4CC9-B6A7-BB523E52993E}"
EndProject
Global
	GlobalSection(SolutionConfigurationPlatforms) = preSolution
		Debug|Any CPU = Debug|Any CPU
		Release|Any CPU = Release|Any CPU
	EndGlobalSection
	GlobalSection(ProjectConfigurationPlatforms) = postSolution
		{93DA8426-63CD-4CC9-B6A7-BB523E52993E}.Debug|Any CPU.ActiveCfg = Debug|Any CPU
		{93DA8426-63CD-4CC9-B6A7-BB523E52993E}.Debug|Any CPU.Build.0 = Debug|Any CPU
		{93DA8426-63CD-4CC9-B6A7-BB523E52993E}.Release|Any CPU.ActiveCfg = Release|Any CPU
		{93DA8426-63CD-4CC9-B6A7-BB523E52993E}.Release|Any CPU.Build.0 = Release|Any CPU
	EndGlobalSection
	GlobalSection(SolutionProperties) = preSolution
		HideSolutionNode = FALSE
	EndGlobalSection
	GlobalSection(ExtensibilityGlobals) = postSolution
		SolutionGuid = {54072204-CC32-4C08-B4CF-053243B07DB7}
	EndGlobalSection
EndGlobal
