
Microsoft Visual Studio Solution File, Format Version 12.00
# Visual Studio Version 16
VisualStudioVersion = 16.0.31005.135
MinimumVisualStudioVersion = 10.0.40219.1
Project("{FAE04EC0-301F-11D3-BF4B-00C04F79EFBC}") = "15_GroupBy", "15_GroupBy\15_GroupBy.csproj", "{B65B3DC9-254E-42EC-AB6C-9D5EC17F3F3E}"
EndProject
Global
	GlobalSection(SolutionConfigurationPlatforms) = preSolution
		Debug|Any CPU = Debug|Any CPU
		Release|Any CPU = Release|Any CPU
	EndGlobalSection
	GlobalSection(ProjectConfigurationPlatforms) = postSolution
		{B65B3DC9-254E-42EC-AB6C-9D5EC17F3F3E}.Debug|Any CPU.ActiveCfg = Debug|Any CPU
		{B65B3DC9-254E-42EC-AB6C-9D5EC17F3F3E}.Debug|Any CPU.Build.0 = Debug|Any CPU
		{B65B3DC9-254E-42EC-AB6C-9D5EC17F3F3E}.Release|Any CPU.ActiveCfg = Release|Any CPU
		{B65B3DC9-254E-42EC-AB6C-9D5EC17F3F3E}.Release|Any CPU.Build.0 = Release|Any CPU
	EndGlobalSection
	GlobalSection(SolutionProperties) = preSolution
		HideSolutionNode = FALSE
	EndGlobalSection
	GlobalSection(ExtensibilityGlobals) = postSolution
		SolutionGuid = {422A857A-C8DC-403F-877B-8E71B9848150}
	EndGlobalSection
EndGlobal
