
Microsoft Visual Studio Solution File, Format Version 12.00
# Visual Studio Version 16
VisualStudioVersion = 16.0.31005.135
MinimumVisualStudioVersion = 10.0.40219.1
Project("{FAE04EC0-301F-11D3-BF4B-00C04F79EFBC}") = "05_Goto", "05_Goto\05_Goto.csproj", "{C8238B06-6829-4AFC-89A5-C4F5E701540A}"
EndProject
Global
	GlobalSection(SolutionConfigurationPlatforms) = preSolution
		Debug|Any CPU = Debug|Any CPU
		Release|Any CPU = Release|Any CPU
	EndGlobalSection
	GlobalSection(ProjectConfigurationPlatforms) = postSolution
		{C8238B06-6829-4AFC-89A5-C4F5E701540A}.Debug|Any CPU.ActiveCfg = Debug|Any CPU
		{C8238B06-6829-4AFC-89A5-C4F5E701540A}.Debug|Any CPU.Build.0 = Debug|Any CPU
		{C8238B06-6829-4AFC-89A5-C4F5E701540A}.Release|Any CPU.ActiveCfg = Release|Any CPU
		{C8238B06-6829-4AFC-89A5-C4F5E701540A}.Release|Any CPU.Build.0 = Release|Any CPU
	EndGlobalSection
	GlobalSection(SolutionProperties) = preSolution
		HideSolutionNode = FALSE
	EndGlobalSection
	GlobalSection(ExtensibilityGlobals) = postSolution
		SolutionGuid = {936401A5-8DA0-40F7-9F50-AB217F06CE77}
	EndGlobalSection
EndGlobal
