
Microsoft Visual Studio Solution File, Format Version 12.00
# Visual Studio 15
VisualStudioVersion = 15.0.28307.1300
MinimumVisualStudioVersion = 10.0.40219.1
Project("{FAE04EC0-301F-11D3-BF4B-00C04F79EFBC}") = "03_String", "03_String\03_String.csproj", "{B7771C63-C103-4B7F-87A3-73C8FB63A96D}"
EndProject
Global
	GlobalSection(SolutionConfigurationPlatforms) = preSolution
		Debug|Any CPU = Debug|Any CPU
		Release|Any CPU = Release|Any CPU
	EndGlobalSection
	GlobalSection(ProjectConfigurationPlatforms) = postSolution
		{B7771C63-C103-4B7F-87A3-73C8FB63A96D}.Debug|Any CPU.ActiveCfg = Debug|Any CPU
		{B7771C63-C103-4B7F-87A3-73C8FB63A96D}.Debug|Any CPU.Build.0 = Debug|Any CPU
		{B7771C63-C103-4B7F-87A3-73C8FB63A96D}.Release|Any CPU.ActiveCfg = Release|Any CPU
		{B7771C63-C103-4B7F-87A3-73C8FB63A96D}.Release|Any CPU.Build.0 = Release|Any CPU
	EndGlobalSection
	GlobalSection(SolutionProperties) = preSolution
		HideSolutionNode = FALSE
	EndGlobalSection
	GlobalSection(ExtensibilityGlobals) = postSolution
		SolutionGuid = {0431AEFF-C46A-4D60-907C-7BBDD40A6C9A}
	EndGlobalSection
EndGlobal
