
Microsoft Visual Studio Solution File, Format Version 12.00
# Visual Studio Version 16
VisualStudioVersion = 16.0.31005.135
MinimumVisualStudioVersion = 10.0.40219.1
Project("{FAE04EC0-301F-11D3-BF4B-00C04F79EFBC}") = "19_Async", "19_Async\19_Async.csproj", "{8197489F-6D40-4648-AECD-46D47142B622}"
EndProject
Global
	GlobalSection(SolutionConfigurationPlatforms) = preSolution
		Debug|Any CPU = Debug|Any CPU
		Release|Any CPU = Release|Any CPU
	EndGlobalSection
	GlobalSection(ProjectConfigurationPlatforms) = postSolution
		{8197489F-6D40-4648-AECD-46D47142B622}.Debug|Any CPU.ActiveCfg = Debug|Any CPU
		{8197489F-6D40-4648-AECD-46D47142B622}.Debug|Any CPU.Build.0 = Debug|Any CPU
		{8197489F-6D40-4648-AECD-46D47142B622}.Release|Any CPU.ActiveCfg = Release|Any CPU
		{8197489F-6D40-4648-AECD-46D47142B622}.Release|Any CPU.Build.0 = Release|Any CPU
	EndGlobalSection
	GlobalSection(SolutionProperties) = preSolution
		HideSolutionNode = FALSE
	EndGlobalSection
	GlobalSection(ExtensibilityGlobals) = postSolution
		SolutionGuid = {02D4591E-55BC-4323-919C-AB4B2062CEB5}
	EndGlobalSection
EndGlobal
