
Microsoft Visual Studio Solution File, Format Version 12.00
# Visual Studio Version 16
VisualStudioVersion = 16.0.31005.135
MinimumVisualStudioVersion = 10.0.40219.1
Project("{FAE04EC0-301F-11D3-BF4B-00C04F79EFBC}") = "07_NestedClass", "07_NestedClass\07_NestedClass.csproj", "{C508B7E8-7247-4726-8C90-F9C5EA5DAAF4}"
EndProject
Global
	GlobalSection(SolutionConfigurationPlatforms) = preSolution
		Debug|Any CPU = Debug|Any CPU
		Release|Any CPU = Release|Any CPU
	EndGlobalSection
	GlobalSection(ProjectConfigurationPlatforms) = postSolution
		{C508B7E8-7247-4726-8C90-F9C5EA5DAAF4}.Debug|Any CPU.ActiveCfg = Debug|Any CPU
		{C508B7E8-7247-4726-8C90-F9C5EA5DAAF4}.Debug|Any CPU.Build.0 = Debug|Any CPU
		{C508B7E8-7247-4726-8C90-F9C5EA5DAAF4}.Release|Any CPU.ActiveCfg = Release|Any CPU
		{C508B7E8-7247-4726-8C90-F9C5EA5DAAF4}.Release|Any CPU.Build.0 = Release|Any CPU
	EndGlobalSection
	GlobalSection(SolutionProperties) = preSolution
		HideSolutionNode = FALSE
	EndGlobalSection
	GlobalSection(ExtensibilityGlobals) = postSolution
		SolutionGuid = {9C1DBC20-84BC-4E3D-9FD4-2EB78368186D}
	EndGlobalSection
EndGlobal
