
Microsoft Visual Studio Solution File, Format Version 12.00
# Visual Studio Version 16
VisualStudioVersion = 16.0.31005.135
MinimumVisualStudioVersion = 10.0.40219.1
Project("{FAE04EC0-301F-11D3-BF4B-00C04F79EFBC}") = "05_Switch2", "05_Switch2\05_Switch2.csproj", "{87A336C6-F2F4-4410-A89A-108CB8AB3E27}"
EndProject
Global
	GlobalSection(SolutionConfigurationPlatforms) = preSolution
		Debug|Any CPU = Debug|Any CPU
		Release|Any CPU = Release|Any CPU
	EndGlobalSection
	GlobalSection(ProjectConfigurationPlatforms) = postSolution
		{87A336C6-F2F4-4410-A89A-108CB8AB3E27}.Debug|Any CPU.ActiveCfg = Debug|Any CPU
		{87A336C6-F2F4-4410-A89A-108CB8AB3E27}.Debug|Any CPU.Build.0 = Debug|Any CPU
		{87A336C6-F2F4-4410-A89A-108CB8AB3E27}.Release|Any CPU.ActiveCfg = Release|Any CPU
		{87A336C6-F2F4-4410-A89A-108CB8AB3E27}.Release|Any CPU.Build.0 = Release|Any CPU
	EndGlobalSection
	GlobalSection(SolutionProperties) = preSolution
		HideSolutionNode = FALSE
	EndGlobalSection
	GlobalSection(ExtensibilityGlobals) = postSolution
		SolutionGuid = {072DEFAC-0AFD-4503-BBC6-47F4B8035466}
	EndGlobalSection
EndGlobal
