
Microsoft Visual Studio Solution File, Format Version 12.00
# Visual Studio Version 16
VisualStudioVersion = 16.0.31005.135
MinimumVisualStudioVersion = 10.0.40219.1
Project("{FAE04EC0-301F-11D3-BF4B-00C04F79EFBC}") = "06_RefReturn", "06_RefReturn\06_RefReturn.csproj", "{5EFBA3E6-2544-4227-84FD-876820592E2A}"
EndProject
Global
	GlobalSection(SolutionConfigurationPlatforms) = preSolution
		Debug|Any CPU = Debug|Any CPU
		Release|Any CPU = Release|Any CPU
	EndGlobalSection
	GlobalSection(ProjectConfigurationPlatforms) = postSolution
		{5EFBA3E6-2544-4227-84FD-876820592E2A}.Debug|Any CPU.ActiveCfg = Debug|Any CPU
		{5EFBA3E6-2544-4227-84FD-876820592E2A}.Debug|Any CPU.Build.0 = Debug|Any CPU
		{5EFBA3E6-2544-4227-84FD-876820592E2A}.Release|Any CPU.ActiveCfg = Release|Any CPU
		{5EFBA3E6-2544-4227-84FD-876820592E2A}.Release|Any CPU.Build.0 = Release|Any CPU
	EndGlobalSection
	GlobalSection(SolutionProperties) = preSolution
		HideSolutionNode = FALSE
	EndGlobalSection
	GlobalSection(ExtensibilityGlobals) = postSolution
		SolutionGuid = {4E3A4B8C-98F1-4375-9264-A5E1136A84D5}
	EndGlobalSection
EndGlobal
