
Microsoft Visual Studio Solution File, Format Version 12.00
# Visual Studio Version 16
VisualStudioVersion = 16.0.31005.135
MinimumVisualStudioVersion = 10.0.40219.1
Project("{FAE04EC0-301F-11D3-BF4B-00C04F79EFBC}") = "07_Constructor", "07_Constructor\07_Constructor.csproj", "{A6B5B2E2-08DC-400A-BAC1-DCEB6EC516BE}"
EndProject
Global
	GlobalSection(SolutionConfigurationPlatforms) = preSolution
		Debug|Any CPU = Debug|Any CPU
		Release|Any CPU = Release|Any CPU
	EndGlobalSection
	GlobalSection(ProjectConfigurationPlatforms) = postSolution
		{A6B5B2E2-08DC-400A-BAC1-DCEB6EC516BE}.Debug|Any CPU.ActiveCfg = Debug|Any CPU
		{A6B5B2E2-08DC-400A-BAC1-DCEB6EC516BE}.Debug|Any CPU.Build.0 = Debug|Any CPU
		{A6B5B2E2-08DC-400A-BAC1-DCEB6EC516BE}.Release|Any CPU.ActiveCfg = Release|Any CPU
		{A6B5B2E2-08DC-400A-BAC1-DCEB6EC516BE}.Release|Any CPU.Build.0 = Release|Any CPU
	EndGlobalSection
	GlobalSection(SolutionProperties) = preSolution
		HideSolutionNode = FALSE
	EndGlobalSection
	GlobalSection(ExtensibilityGlobals) = postSolution
		SolutionGuid = {D39F7D91-BBDB-40A6-A6F8-EA96B86B7DB4}
	EndGlobalSection
EndGlobal
