
Microsoft Visual Studio Solution File, Format Version 12.00
# Visual Studio Version 16
VisualStudioVersion = 16.0.31005.135
MinimumVisualStudioVersion = 10.0.40219.1
Project("{FAE04EC0-301F-11D3-BF4B-00C04F79EFBC}") = "10_UsingHashtable", "10_UsingHashtable\10_UsingHashtable.csproj", "{31076E59-5A0C-4CB6-B15B-8DEEE4089766}"
EndProject
Global
	GlobalSection(SolutionConfigurationPlatforms) = preSolution
		Debug|Any CPU = Debug|Any CPU
		Release|Any CPU = Release|Any CPU
	EndGlobalSection
	GlobalSection(ProjectConfigurationPlatforms) = postSolution
		{31076E59-5A0C-4CB6-B15B-8DEEE4089766}.Debug|Any CPU.ActiveCfg = Debug|Any CPU
		{31076E59-5A0C-4CB6-B15B-8DEEE4089766}.Debug|Any CPU.Build.0 = Debug|Any CPU
		{31076E59-5A0C-4CB6-B15B-8DEEE4089766}.Release|Any CPU.ActiveCfg = Release|Any CPU
		{31076E59-5A0C-4CB6-B15B-8DEEE4089766}.Release|Any CPU.Build.0 = Release|Any CPU
	EndGlobalSection
	GlobalSection(SolutionProperties) = preSolution
		HideSolutionNode = FALSE
	EndGlobalSection
	GlobalSection(ExtensibilityGlobals) = postSolution
		SolutionGuid = {B9CF5225-679C-443C-8E21-43E25EED4856}
	EndGlobalSection
EndGlobal
