
Microsoft Visual Studio Solution File, Format Version 12.00
# Visual Studio Version 16
VisualStudioVersion = 16.0.31005.135
MinimumVisualStudioVersion = 10.0.40219.1
Project("{FAE04EC0-301F-11D3-BF4B-00C04F79EFBC}") = "Appendix_StringSlice", "Appendix_StringSlice\Appendix_StringSlice.csproj", "{B396211B-FF6D-4BD8-AF5B-A3EA6361736C}"
EndProject
Global
	GlobalSection(SolutionConfigurationPlatforms) = preSolution
		Debug|Any CPU = Debug|Any CPU
		Release|Any CPU = Release|Any CPU
	EndGlobalSection
	GlobalSection(ProjectConfigurationPlatforms) = postSolution
		{B396211B-FF6D-4BD8-AF5B-A3EA6361736C}.Debug|Any CPU.ActiveCfg = Debug|Any CPU
		{B396211B-FF6D-4BD8-AF5B-A3EA6361736C}.Debug|Any CPU.Build.0 = Debug|Any CPU
		{B396211B-FF6D-4BD8-AF5B-A3EA6361736C}.Release|Any CPU.ActiveCfg = Release|Any CPU
		{B396211B-FF6D-4BD8-AF5B-A3EA6361736C}.Release|Any CPU.Build.0 = Release|Any CPU
	EndGlobalSection
	GlobalSection(SolutionProperties) = preSolution
		HideSolutionNode = FALSE
	EndGlobalSection
	GlobalSection(ExtensibilityGlobals) = postSolution
		SolutionGuid = {9AC002BE-45B0-4273-B75B-FA90312C3582}
	EndGlobalSection
EndGlobal
