
Microsoft Visual Studio Solution File, Format Version 12.00
# Visual Studio Version 16
VisualStudioVersion = 16.0.31005.135
MinimumVisualStudioVersion = 10.0.40219.1
Project("{FAE04EC0-301F-11D3-BF4B-00C04F79EFBC}") = "20_FormBackground", "20_FormBackground\20_FormBackground.csproj", "{58422D42-B187-41E0-B3F6-AD82BCEF23DB}"
EndProject
Global
	GlobalSection(SolutionConfigurationPlatforms) = preSolution
		Debug|Any CPU = Debug|Any CPU
		Release|Any CPU = Release|Any CPU
	EndGlobalSection
	GlobalSection(ProjectConfigurationPlatforms) = postSolution
		{58422D42-B187-41E0-B3F6-AD82BCEF23DB}.Debug|Any CPU.ActiveCfg = Debug|Any CPU
		{58422D42-B187-41E0-B3F6-AD82BCEF23DB}.Debug|Any CPU.Build.0 = Debug|Any CPU
		{58422D42-B187-41E0-B3F6-AD82BCEF23DB}.Release|Any CPU.ActiveCfg = Release|Any CPU
		{58422D42-B187-41E0-B3F6-AD82BCEF23DB}.Release|Any CPU.Build.0 = Release|Any CPU
	EndGlobalSection
	GlobalSection(SolutionProperties) = preSolution
		HideSolutionNode = FALSE
	EndGlobalSection
	GlobalSection(ExtensibilityGlobals) = postSolution
		SolutionGuid = {DD793784-8F5C-433D-92BF-50582F305357}
	EndGlobalSection
EndGlobal
