
Microsoft Visual Studio Solution File, Format Version 12.00
# Visual Studio Version 16
VisualStudioVersion = 16.0.31005.135
MinimumVisualStudioVersion = 10.0.40219.1
Project("{FAE04EC0-301F-11D3-BF4B-00C04F79EFBC}") = "04_ConditionalOperator", "04_ConditionalOperator\04_ConditionalOperator.csproj", "{AB380AE7-F9DF-43A7-A5E3-85418FD93642}"
EndProject
Global
	GlobalSection(SolutionConfigurationPlatforms) = preSolution
		Debug|Any CPU = Debug|Any CPU
		Release|Any CPU = Release|Any CPU
	EndGlobalSection
	GlobalSection(ProjectConfigurationPlatforms) = postSolution
		{AB380AE7-F9DF-43A7-A5E3-85418FD93642}.Debug|Any CPU.ActiveCfg = Debug|Any CPU
		{AB380AE7-F9DF-43A7-A5E3-85418FD93642}.Debug|Any CPU.Build.0 = Debug|Any CPU
		{AB380AE7-F9DF-43A7-A5E3-85418FD93642}.Release|Any CPU.ActiveCfg = Release|Any CPU
		{AB380AE7-F9DF-43A7-A5E3-85418FD93642}.Release|Any CPU.Build.0 = Release|Any CPU
	EndGlobalSection
	GlobalSection(SolutionProperties) = preSolution
		HideSolutionNode = FALSE
	EndGlobalSection
	GlobalSection(ExtensibilityGlobals) = postSolution
		SolutionGuid = {5253C023-43CE-4B53-A767-4D7AA83B63C0}
	EndGlobalSection
EndGlobal
