
Microsoft Visual Studio Solution File, Format Version 12.00
# Visual Studio Version 16
VisualStudioVersion = 16.0.31005.135
MinimumVisualStudioVersion = 10.0.40219.1
Project("{FAE04EC0-301F-11D3-BF4B-00C04F79EFBC}") = "10_Yield", "10_Yield\10_Yield.csproj", "{DD86C696-00B0-40CA-9B14-14F38CF0E972}"
EndProject
Global
	GlobalSection(SolutionConfigurationPlatforms) = preSolution
		Debug|Any CPU = Debug|Any CPU
		Release|Any CPU = Release|Any CPU
	EndGlobalSection
	GlobalSection(ProjectConfigurationPlatforms) = postSolution
		{DD86C696-00B0-40CA-9B14-14F38CF0E972}.Debug|Any CPU.ActiveCfg = Debug|Any CPU
		{DD86C696-00B0-40CA-9B14-14F38CF0E972}.Debug|Any CPU.Build.0 = Debug|Any CPU
		{DD86C696-00B0-40CA-9B14-14F38CF0E972}.Release|Any CPU.ActiveCfg = Release|Any CPU
		{DD86C696-00B0-40CA-9B14-14F38CF0E972}.Release|Any CPU.Build.0 = Release|Any CPU
	EndGlobalSection
	GlobalSection(SolutionProperties) = preSolution
		HideSolutionNode = FALSE
	EndGlobalSection
	GlobalSection(ExtensibilityGlobals) = postSolution
		SolutionGuid = {EE3751B8-1930-4479-8E57-C1B5517FA523}
	EndGlobalSection
EndGlobal
