
Microsoft Visual Studio Solution File, Format Version 12.00
# Visual Studio Version 16
VisualStudioVersion = 16.0.31005.135
MinimumVisualStudioVersion = 10.0.40219.1
Project("{FAE04EC0-301F-11D3-BF4B-00C04F79EFBC}") = "12_KillingProgram", "12_KillingProgram\12_KillingProgram.csproj", "{B8C088A9-E289-4365-A0CA-FCC7D6F3225C}"
EndProject
Global
	GlobalSection(SolutionConfigurationPlatforms) = preSolution
		Debug|Any CPU = Debug|Any CPU
		Release|Any CPU = Release|Any CPU
	EndGlobalSection
	GlobalSection(ProjectConfigurationPlatforms) = postSolution
		{B8C088A9-E289-4365-A0CA-FCC7D6F3225C}.Debug|Any CPU.ActiveCfg = Debug|Any CPU
		{B8C088A9-E289-4365-A0CA-FCC7D6F3225C}.Debug|Any CPU.Build.0 = Debug|Any CPU
		{B8C088A9-E289-4365-A0CA-FCC7D6F3225C}.Release|Any CPU.ActiveCfg = Release|Any CPU
		{B8C088A9-E289-4365-A0CA-FCC7D6F3225C}.Release|Any CPU.Build.0 = Release|Any CPU
	EndGlobalSection
	GlobalSection(SolutionProperties) = preSolution
		HideSolutionNode = FALSE
	EndGlobalSection
	GlobalSection(ExtensibilityGlobals) = postSolution
		SolutionGuid = {304EE7F9-3FFB-41B2-82B9-9B1D3DB92037}
	EndGlobalSection
EndGlobal
