
Microsoft Visual Studio Solution File, Format Version 12.00
# Visual Studio Version 16
VisualStudioVersion = 16.0.31005.135
MinimumVisualStudioVersion = 10.0.40219.1
Project("{FAE04EC0-301F-11D3-BF4B-00C04F79EFBC}") = "06_NamedParameter", "06_NamedParameter\06_NamedParameter.csproj", "{E879E273-986E-43BA-8708-400D4DD933C0}"
EndProject
Global
	GlobalSection(SolutionConfigurationPlatforms) = preSolution
		Debug|Any CPU = Debug|Any CPU
		Release|Any CPU = Release|Any CPU
	EndGlobalSection
	GlobalSection(ProjectConfigurationPlatforms) = postSolution
		{E879E273-986E-43BA-8708-400D4DD933C0}.Debug|Any CPU.ActiveCfg = Debug|Any CPU
		{E879E273-986E-43BA-8708-400D4DD933C0}.Debug|Any CPU.Build.0 = Debug|Any CPU
		{E879E273-986E-43BA-8708-400D4DD933C0}.Release|Any CPU.ActiveCfg = Release|Any CPU
		{E879E273-986E-43BA-8708-400D4DD933C0}.Release|Any CPU.Build.0 = Release|Any CPU
	EndGlobalSection
	GlobalSection(SolutionProperties) = preSolution
		HideSolutionNode = FALSE
	EndGlobalSection
	GlobalSection(ExtensibilityGlobals) = postSolution
		SolutionGuid = {034C7786-976B-4DC2-98A5-5A4845627E52}
	EndGlobalSection
EndGlobal
