
Microsoft Visual Studio Solution File, Format Version 12.00
# Visual Studio Version 16
VisualStudioVersion = 16.0.31005.135
MinimumVisualStudioVersion = 10.0.40219.1
Project("{FAE04EC0-301F-11D3-BF4B-00C04F79EFBC}") = "19_TaskResult", "19_TaskResult\19_TaskResult.csproj", "{9704F450-312C-43C1-87B0-52429F09B5B8}"
EndProject
Global
	GlobalSection(SolutionConfigurationPlatforms) = preSolution
		Debug|Any CPU = Debug|Any CPU
		Release|Any CPU = Release|Any CPU
	EndGlobalSection
	GlobalSection(ProjectConfigurationPlatforms) = postSolution
		{9704F450-312C-43C1-87B0-52429F09B5B8}.Debug|Any CPU.ActiveCfg = Debug|Any CPU
		{9704F450-312C-43C1-87B0-52429F09B5B8}.Debug|Any CPU.Build.0 = Debug|Any CPU
		{9704F450-312C-43C1-87B0-52429F09B5B8}.Release|Any CPU.ActiveCfg = Release|Any CPU
		{9704F450-312C-43C1-87B0-52429F09B5B8}.Release|Any CPU.Build.0 = Release|Any CPU
	EndGlobalSection
	GlobalSection(SolutionProperties) = preSolution
		HideSolutionNode = FALSE
	EndGlobalSection
	GlobalSection(ExtensibilityGlobals) = postSolution
		SolutionGuid = {CF853DB5-6C84-4703-BB94-5C1CAF2C1F38}
	EndGlobalSection
EndGlobal
