
Microsoft Visual Studio Solution File, Format Version 12.00
# Visual Studio Version 16
VisualStudioVersion = 16.0.31005.135
MinimumVisualStudioVersion = 10.0.40219.1
Project("{FAE04EC0-301F-11D3-BF4B-00C04F79EFBC}") = "10_Ex2", "10_Ex2\10_Ex2.csproj", "{BA1D450E-24D0-46CF-83BD-15BFC2059A29}"
EndProject
Global
	GlobalSection(SolutionConfigurationPlatforms) = preSolution
		Debug|Any CPU = Debug|Any CPU
		Release|Any CPU = Release|Any CPU
	EndGlobalSection
	GlobalSection(ProjectConfigurationPlatforms) = postSolution
		{BA1D450E-24D0-46CF-83BD-15BFC2059A29}.Debug|Any CPU.ActiveCfg = Debug|Any CPU
		{BA1D450E-24D0-46CF-83BD-15BFC2059A29}.Debug|Any CPU.Build.0 = Debug|Any CPU
		{BA1D450E-24D0-46CF-83BD-15BFC2059A29}.Release|Any CPU.ActiveCfg = Release|Any CPU
		{BA1D450E-24D0-46CF-83BD-15BFC2059A29}.Release|Any CPU.Build.0 = Release|Any CPU
	EndGlobalSection
	GlobalSection(SolutionProperties) = preSolution
		HideSolutionNode = FALSE
	EndGlobalSection
	GlobalSection(ExtensibilityGlobals) = postSolution
		SolutionGuid = {A062E347-566A-4C10-A249-A03C14114DC3}
	EndGlobalSection
EndGlobal
