
Microsoft Visual Studio Solution File, Format Version 12.00
# Visual Studio Version 16
VisualStudioVersion = 16.0.31005.135
MinimumVisualStudioVersion = 10.0.40219.1
Project("{FAE04EC0-301F-11D3-BF4B-00C04F79EFBC}") = "10_Indexer", "10_Indexer\10_Indexer.csproj", "{039E88AA-41D3-4391-B7E5-BD94CA24D539}"
EndProject
Global
	GlobalSection(SolutionConfigurationPlatforms) = preSolution
		Debug|Any CPU = Debug|Any CPU
		Release|Any CPU = Release|Any CPU
	EndGlobalSection
	GlobalSection(ProjectConfigurationPlatforms) = postSolution
		{039E88AA-41D3-4391-B7E5-BD94CA24D539}.Debug|Any CPU.ActiveCfg = Debug|Any CPU
		{039E88AA-41D3-4391-B7E5-BD94CA24D539}.Debug|Any CPU.Build.0 = Debug|Any CPU
		{039E88AA-41D3-4391-B7E5-BD94CA24D539}.Release|Any CPU.ActiveCfg = Release|Any CPU
		{039E88AA-41D3-4391-B7E5-BD94CA24D539}.Release|Any CPU.Build.0 = Release|Any CPU
	EndGlobalSection
	GlobalSection(SolutionProperties) = preSolution
		HideSolutionNode = FALSE
	EndGlobalSection
	GlobalSection(ExtensibilityGlobals) = postSolution
		SolutionGuid = {B4B7E3FE-7033-471A-89FC-9E12E2D19A21}
	EndGlobalSection
EndGlobal
