
Microsoft Visual Studio Solution File, Format Version 12.00
# Visual Studio 15
VisualStudioVersion = 15.0.28307.1300
MinimumVisualStudioVersion = 10.0.40219.1
Project("{FAE04EC0-301F-11D3-BF4B-00C04F79EFBC}") = "03_Overflow", "03_Overflow\03_Overflow.csproj", "{BB524E32-98B9-467C-A297-2D1B82C63ECC}"
EndProject
Global
	GlobalSection(SolutionConfigurationPlatforms) = preSolution
		Debug|Any CPU = Debug|Any CPU
		Release|Any CPU = Release|Any CPU
	EndGlobalSection
	GlobalSection(ProjectConfigurationPlatforms) = postSolution
		{BB524E32-98B9-467C-A297-2D1B82C63ECC}.Debug|Any CPU.ActiveCfg = Debug|Any CPU
		{BB524E32-98B9-467C-A297-2D1B82C63ECC}.Debug|Any CPU.Build.0 = Debug|Any CPU
		{BB524E32-98B9-467C-A297-2D1B82C63ECC}.Release|Any CPU.ActiveCfg = Release|Any CPU
		{BB524E32-98B9-467C-A297-2D1B82C63ECC}.Release|Any CPU.Build.0 = Release|Any CPU
	EndGlobalSection
	GlobalSection(SolutionProperties) = preSolution
		HideSolutionNode = FALSE
	EndGlobalSection
	GlobalSection(ExtensibilityGlobals) = postSolution
		SolutionGuid = {7F68E4F5-ED9E-4609-9F13-416E1470CF26}
	EndGlobalSection
EndGlobal
