
Microsoft Visual Studio Solution File, Format Version 12.00
# Visual Studio Version 16
VisualStudioVersion = 16.0.31005.135
MinimumVisualStudioVersion = 10.0.40219.1
Project("{FAE04EC0-301F-11D3-BF4B-00C04F79EFBC}") = "08_DerivedInterface", "08_DerivedInterface\08_DerivedInterface.csproj", "{0C6FFBD5-6F4B-498B-9995-BD958137F60F}"
EndProject
Global
	GlobalSection(SolutionConfigurationPlatforms) = preSolution
		Debug|Any CPU = Debug|Any CPU
		Release|Any CPU = Release|Any CPU
	EndGlobalSection
	GlobalSection(ProjectConfigurationPlatforms) = postSolution
		{0C6FFBD5-6F4B-498B-9995-BD958137F60F}.Debug|Any CPU.ActiveCfg = Debug|Any CPU
		{0C6FFBD5-6F4B-498B-9995-BD958137F60F}.Debug|Any CPU.Build.0 = Debug|Any CPU
		{0C6FFBD5-6F4B-498B-9995-BD958137F60F}.Release|Any CPU.ActiveCfg = Release|Any CPU
		{0C6FFBD5-6F4B-498B-9995-BD958137F60F}.Release|Any CPU.Build.0 = Release|Any CPU
	EndGlobalSection
	GlobalSection(SolutionProperties) = preSolution
		HideSolutionNode = FALSE
	EndGlobalSection
	GlobalSection(ExtensibilityGlobals) = postSolution
		SolutionGuid = {CD2E534B-E42C-4E70-9877-E0FDE468D86A}
	EndGlobalSection
EndGlobal
