
Microsoft Visual Studio Solution File, Format Version 12.00
# Visual Studio Version 16
VisualStudioVersion = 16.0.31005.135
MinimumVisualStudioVersion = 10.0.40219.1
Project("{FAE04EC0-301F-11D3-BF4B-00C04F79EFBC}") = "09_AutoImplementedProperty", "09_AutoImplementedProperty\09_AutoImplementedProperty.csproj", "{39D85518-5521-401D-8705-6EA7CA56FC0C}"
EndProject
Global
	GlobalSection(SolutionConfigurationPlatforms) = preSolution
		Debug|Any CPU = Debug|Any CPU
		Release|Any CPU = Release|Any CPU
	EndGlobalSection
	GlobalSection(ProjectConfigurationPlatforms) = postSolution
		{39D85518-5521-401D-8705-6EA7CA56FC0C}.Debug|Any CPU.ActiveCfg = Debug|Any CPU
		{39D85518-5521-401D-8705-6EA7CA56FC0C}.Debug|Any CPU.Build.0 = Debug|Any CPU
		{39D85518-5521-401D-8705-6EA7CA56FC0C}.Release|Any CPU.ActiveCfg = Release|Any CPU
		{39D85518-5521-401D-8705-6EA7CA56FC0C}.Release|Any CPU.Build.0 = Release|Any CPU
	EndGlobalSection
	GlobalSection(SolutionProperties) = preSolution
		HideSolutionNode = FALSE
	EndGlobalSection
	GlobalSection(ExtensibilityGlobals) = postSolution
		SolutionGuid = {D667E088-E37D-4DDB-B89C-0F2AB14F596D}
	EndGlobalSection
EndGlobal
