
Microsoft Visual Studio Solution File, Format Version 12.00
# Visual Studio Version 16
VisualStudioVersion = 16.0.31005.135
MinimumVisualStudioVersion = 10.0.40219.1
Project("{FAE04EC0-301F-11D3-BF4B-00C04F79EFBC}") = "09_PropertyInAbstractClass", "09_PropertyInAbstractClass\09_PropertyInAbstractClass.csproj", "{9792C42D-5021-4254-9475-131E08B1A52F}"
EndProject
Global
	GlobalSection(SolutionConfigurationPlatforms) = preSolution
		Debug|Any CPU = Debug|Any CPU
		Release|Any CPU = Release|Any CPU
	EndGlobalSection
	GlobalSection(ProjectConfigurationPlatforms) = postSolution
		{9792C42D-5021-4254-9475-131E08B1A52F}.Debug|Any CPU.ActiveCfg = Debug|Any CPU
		{9792C42D-5021-4254-9475-131E08B1A52F}.Debug|Any CPU.Build.0 = Debug|Any CPU
		{9792C42D-5021-4254-9475-131E08B1A52F}.Release|Any CPU.ActiveCfg = Release|Any CPU
		{9792C42D-5021-4254-9475-131E08B1A52F}.Release|Any CPU.Build.0 = Release|Any CPU
	EndGlobalSection
	GlobalSection(SolutionProperties) = preSolution
		HideSolutionNode = FALSE
	EndGlobalSection
	GlobalSection(ExtensibilityGlobals) = postSolution
		SolutionGuid = {2BC6882F-A245-4288-BEEA-04B6BF7FA03B}
	EndGlobalSection
EndGlobal
