
Microsoft Visual Studio Solution File, Format Version 12.00
# Visual Studio Version 16
VisualStudioVersion = 16.0.31005.135
MinimumVisualStudioVersion = 10.0.40219.1
Project("{FAE04EC0-301F-11D3-BF4B-00C04F79EFBC}") = "11_Generic", "11_Generic\11_Generic.csproj", "{3027025A-49BC-4755-8C56-76FB315270AE}"
EndProject
Global
	GlobalSection(SolutionConfigurationPlatforms) = preSolution
		Debug|Any CPU = Debug|Any CPU
		Release|Any CPU = Release|Any CPU
	EndGlobalSection
	GlobalSection(ProjectConfigurationPlatforms) = postSolution
		{3027025A-49BC-4755-8C56-76FB315270AE}.Debug|Any CPU.ActiveCfg = Debug|Any CPU
		{3027025A-49BC-4755-8C56-76FB315270AE}.Debug|Any CPU.Build.0 = Debug|Any CPU
		{3027025A-49BC-4755-8C56-76FB315270AE}.Release|Any CPU.ActiveCfg = Release|Any CPU
		{3027025A-49BC-4755-8C56-76FB315270AE}.Release|Any CPU.Build.0 = Release|Any CPU
	EndGlobalSection
	GlobalSection(SolutionProperties) = preSolution
		HideSolutionNode = FALSE
	EndGlobalSection
	GlobalSection(ExtensibilityGlobals) = postSolution
		SolutionGuid = {C76C33AC-43B7-4AD0-ACEF-02BA5BEDED8C}
	EndGlobalSection
EndGlobal
