
Microsoft Visual Studio Solution File, Format Version 12.00
# Visual Studio Version 16
VisualStudioVersion = 16.0.31005.135
MinimumVisualStudioVersion = 10.0.40219.1
Project("{FAE04EC0-301F-11D3-BF4B-00C04F79EFBC}") = "11_UsingDictionary", "11_UsingDictionary\11_UsingDictionary.csproj", "{99F0EA43-9242-4708-BA64-76CBEAF6D65E}"
EndProject
Global
	GlobalSection(SolutionConfigurationPlatforms) = preSolution
		Debug|Any CPU = Debug|Any CPU
		Release|Any CPU = Release|Any CPU
	EndGlobalSection
	GlobalSection(ProjectConfigurationPlatforms) = postSolution
		{99F0EA43-9242-4708-BA64-76CBEAF6D65E}.Debug|Any CPU.ActiveCfg = Debug|Any CPU
		{99F0EA43-9242-4708-BA64-76CBEAF6D65E}.Debug|Any CPU.Build.0 = Debug|Any CPU
		{99F0EA43-9242-4708-BA64-76CBEAF6D65E}.Release|Any CPU.ActiveCfg = Release|Any CPU
		{99F0EA43-9242-4708-BA64-76CBEAF6D65E}.Release|Any CPU.Build.0 = Release|Any CPU
	EndGlobalSection
	GlobalSection(SolutionProperties) = preSolution
		HideSolutionNode = FALSE
	EndGlobalSection
	GlobalSection(ExtensibilityGlobals) = postSolution
		SolutionGuid = {B28E48AA-15DE-416E-A1F8-4CE2EEF8E7E8}
	EndGlobalSection
EndGlobal
