
Microsoft Visual Studio Solution File, Format Version 12.00
# Visual Studio 15
VisualStudioVersion = 15.0.28307.1300
MinimumVisualStudioVersion = 10.0.40219.1
Project("{FAE04EC0-301F-11D3-BF4B-00C04F79EFBC}") = "03_Constant", "03_Constant\03_Constant.csproj", "{8ACCDEDB-94BA-4681-8D78-1742FB2F18C7}"
EndProject
Global
	GlobalSection(SolutionConfigurationPlatforms) = preSolution
		Debug|Any CPU = Debug|Any CPU
		Release|Any CPU = Release|Any CPU
	EndGlobalSection
	GlobalSection(ProjectConfigurationPlatforms) = postSolution
		{8ACCDEDB-94BA-4681-8D78-1742FB2F18C7}.Debug|Any CPU.ActiveCfg = Debug|Any CPU
		{8ACCDEDB-94BA-4681-8D78-1742FB2F18C7}.Debug|Any CPU.Build.0 = Debug|Any CPU
		{8ACCDEDB-94BA-4681-8D78-1742FB2F18C7}.Release|Any CPU.ActiveCfg = Release|Any CPU
		{8ACCDEDB-94BA-4681-8D78-1742FB2F18C7}.Release|Any CPU.Build.0 = Release|Any CPU
	EndGlobalSection
	GlobalSection(SolutionProperties) = preSolution
		HideSolutionNode = FALSE
	EndGlobalSection
	GlobalSection(ExtensibilityGlobals) = postSolution
		SolutionGuid = {7943A141-26DA-46CC-85E9-E5E1801F07EF}
	EndGlobalSection
EndGlobal
