
Microsoft Visual Studio Solution File, Format Version 12.00
# Visual Studio Version 16
VisualStudioVersion = 16.0.31005.135
MinimumVisualStudioVersion = 10.0.40219.1
Project("{FAE04EC0-301F-11D3-BF4B-00C04F79EFBC}") = "10_Enumerable", "10_Enumerable\10_Enumerable.csproj", "{20F90019-F49D-4336-A119-4642F407137C}"
EndProject
Global
	GlobalSection(SolutionConfigurationPlatforms) = preSolution
		Debug|Any CPU = Debug|Any CPU
		Release|Any CPU = Release|Any CPU
	EndGlobalSection
	GlobalSection(ProjectConfigurationPlatforms) = postSolution
		{20F90019-F49D-4336-A119-4642F407137C}.Debug|Any CPU.ActiveCfg = Debug|Any CPU
		{20F90019-F49D-4336-A119-4642F407137C}.Debug|Any CPU.Build.0 = Debug|Any CPU
		{20F90019-F49D-4336-A119-4642F407137C}.Release|Any CPU.ActiveCfg = Release|Any CPU
		{20F90019-F49D-4336-A119-4642F407137C}.Release|Any CPU.Build.0 = Release|Any CPU
	EndGlobalSection
	GlobalSection(SolutionProperties) = preSolution
		HideSolutionNode = FALSE
	EndGlobalSection
	GlobalSection(ExtensibilityGlobals) = postSolution
		SolutionGuid = {4F573852-FE4E-4DFC-881C-93ABCC5A8FB5}
	EndGlobalSection
EndGlobal
