
Microsoft Visual Studio Solution File, Format Version 12.00
# Visual Studio Version 16
VisualStudioVersion = 16.0.31005.135
MinimumVisualStudioVersion = 10.0.40219.1
Project("{FAE04EC0-301F-11D3-BF4B-00C04F79EFBC}") = "18_SerializingCollection", "18_SerializingCollection\18_SerializingCollection.csproj", "{E57EF345-5694-40DF-88E8-AAC946B7F780}"
EndProject
Global
	GlobalSection(SolutionConfigurationPlatforms) = preSolution
		Debug|Any CPU = Debug|Any CPU
		Release|Any CPU = Release|Any CPU
	EndGlobalSection
	GlobalSection(ProjectConfigurationPlatforms) = postSolution
		{E57EF345-5694-40DF-88E8-AAC946B7F780}.Debug|Any CPU.ActiveCfg = Debug|Any CPU
		{E57EF345-5694-40DF-88E8-AAC946B7F780}.Debug|Any CPU.Build.0 = Debug|Any CPU
		{E57EF345-5694-40DF-88E8-AAC946B7F780}.Release|Any CPU.ActiveCfg = Release|Any CPU
		{E57EF345-5694-40DF-88E8-AAC946B7F780}.Release|Any CPU.Build.0 = Release|Any CPU
	EndGlobalSection
	GlobalSection(SolutionProperties) = preSolution
		HideSolutionNode = FALSE
	EndGlobalSection
	GlobalSection(ExtensibilityGlobals) = postSolution
		SolutionGuid = {FAAFF9A7-CDE0-4E7B-94E4-898B91DAEE03}
	EndGlobalSection
EndGlobal
