
Microsoft Visual Studio Solution File, Format Version 12.00
# Visual Studio Version 16
VisualStudioVersion = 16.0.31005.135
MinimumVisualStudioVersion = 10.0.40219.1
Project("{FAE04EC0-301F-11D3-BF4B-00C04F79EFBC}") = "06_OptionalParameter", "06_OptionalParameter\06_OptionalParameter.csproj", "{22CED4C3-11D0-4ED9-BD15-FDDCBB3B467A}"
EndProject
Global
	GlobalSection(SolutionConfigurationPlatforms) = preSolution
		Debug|Any CPU = Debug|Any CPU
		Release|Any CPU = Release|Any CPU
	EndGlobalSection
	GlobalSection(ProjectConfigurationPlatforms) = postSolution
		{22CED4C3-11D0-4ED9-BD15-FDDCBB3B467A}.Debug|Any CPU.ActiveCfg = Debug|Any CPU
		{22CED4C3-11D0-4ED9-BD15-FDDCBB3B467A}.Debug|Any CPU.Build.0 = Debug|Any CPU
		{22CED4C3-11D0-4ED9-BD15-FDDCBB3B467A}.Release|Any CPU.ActiveCfg = Release|Any CPU
		{22CED4C3-11D0-4ED9-BD15-FDDCBB3B467A}.Release|Any CPU.Build.0 = Release|Any CPU
	EndGlobalSection
	GlobalSection(SolutionProperties) = preSolution
		HideSolutionNode = FALSE
	EndGlobalSection
	GlobalSection(ExtensibilityGlobals) = postSolution
		SolutionGuid = {6A79626D-0D26-4F86-8BCF-5CC70B29149D}
	EndGlobalSection
EndGlobal
