
Microsoft Visual Studio Solution File, Format Version 12.00
# Visual Studio Version 16
VisualStudioVersion = 16.0.31005.135
MinimumVisualStudioVersion = 10.0.40219.1
Project("{FAE04EC0-301F-11D3-BF4B-00C04F79EFBC}") = "07_AccessModifier", "07_AccessModifier\07_AccessModifier.csproj", "{90F9605A-8258-49A8-8BC7-D6D48BB72A36}"
EndProject
Global
	GlobalSection(SolutionConfigurationPlatforms) = preSolution
		Debug|Any CPU = Debug|Any CPU
		Release|Any CPU = Release|Any CPU
	EndGlobalSection
	GlobalSection(ProjectConfigurationPlatforms) = postSolution
		{90F9605A-8258-49A8-8BC7-D6D48BB72A36}.Debug|Any CPU.ActiveCfg = Debug|Any CPU
		{90F9605A-8258-49A8-8BC7-D6D48BB72A36}.Debug|Any CPU.Build.0 = Debug|Any CPU
		{90F9605A-8258-49A8-8BC7-D6D48BB72A36}.Release|Any CPU.ActiveCfg = Release|Any CPU
		{90F9605A-8258-49A8-8BC7-D6D48BB72A36}.Release|Any CPU.Build.0 = Release|Any CPU
	EndGlobalSection
	GlobalSection(SolutionProperties) = preSolution
		HideSolutionNode = FALSE
	EndGlobalSection
	GlobalSection(ExtensibilityGlobals) = postSolution
		SolutionGuid = {2376768E-47FF-4B6A-BA43-9A54DF98EF08}
	EndGlobalSection
EndGlobal
