
Microsoft Visual Studio Solution File, Format Version 12.00
# Visual Studio Version 16
VisualStudioVersion = 16.0.31005.135
MinimumVisualStudioVersion = 10.0.40219.1
Project("{FAE04EC0-301F-11D3-BF4B-00C04F79EFBC}") = "10_UsingStack", "10_UsingStack\10_UsingStack.csproj", "{A0C44399-F6B1-4164-AC3B-3DE4E78AA4FF}"
EndProject
Global
	GlobalSection(SolutionConfigurationPlatforms) = preSolution
		Debug|Any CPU = Debug|Any CPU
		Release|Any CPU = Release|Any CPU
	EndGlobalSection
	GlobalSection(ProjectConfigurationPlatforms) = postSolution
		{A0C44399-F6B1-4164-AC3B-3DE4E78AA4FF}.Debug|Any CPU.ActiveCfg = Debug|Any CPU
		{A0C44399-F6B1-4164-AC3B-3DE4E78AA4FF}.Debug|Any CPU.Build.0 = Debug|Any CPU
		{A0C44399-F6B1-4164-AC3B-3DE4E78AA4FF}.Release|Any CPU.ActiveCfg = Release|Any CPU
		{A0C44399-F6B1-4164-AC3B-3DE4E78AA4FF}.Release|Any CPU.Build.0 = Release|Any CPU
	EndGlobalSection
	GlobalSection(SolutionProperties) = preSolution
		HideSolutionNode = FALSE
	EndGlobalSection
	GlobalSection(ExtensibilityGlobals) = postSolution
		SolutionGuid = {2F0AEAAA-4718-40EE-8E95-FFBC0F29FC53}
	EndGlobalSection
EndGlobal
