
Microsoft Visual Studio Solution File, Format Version 12.00
# Visual Studio Version 16
VisualStudioVersion = 16.0.31005.135
MinimumVisualStudioVersion = 10.0.40219.1
Project("{FAE04EC0-301F-11D3-BF4B-00C04F79EFBC}") = "FileReceiver", "FileReceiver\FileReceiver.csproj", "{93183235-28C7-4604-85B4-260A906F5AF5}"
EndProject
Global
	GlobalSection(SolutionConfigurationPlatforms) = preSolution
		Debug|Any CPU = Debug|Any CPU
		Release|Any CPU = Release|Any CPU
	EndGlobalSection
	GlobalSection(ProjectConfigurationPlatforms) = postSolution
		{93183235-28C7-4604-85B4-260A906F5AF5}.Debug|Any CPU.ActiveCfg = Debug|Any CPU
		{93183235-28C7-4604-85B4-260A906F5AF5}.Debug|Any CPU.Build.0 = Debug|Any CPU
		{93183235-28C7-4604-85B4-260A906F5AF5}.Release|Any CPU.ActiveCfg = Release|Any CPU
		{93183235-28C7-4604-85B4-260A906F5AF5}.Release|Any CPU.Build.0 = Release|Any CPU
	EndGlobalSection
	GlobalSection(SolutionProperties) = preSolution
		HideSolutionNode = FALSE
	EndGlobalSection
	GlobalSection(ExtensibilityGlobals) = postSolution
		SolutionGuid = {A743AE0F-167F-4AB7-9382-40B5BCE87D7B}
	EndGlobalSection
EndGlobal
