
Microsoft Visual Studio Solution File, Format Version 12.00
# Visual Studio Version 16
VisualStudioVersion = 16.0.31005.135
MinimumVisualStudioVersion = 10.0.40219.1
Project("{FAE04EC0-301F-11D3-BF4B-00C04F79EFBC}") = "11_EnumerableGeneric", "11_EnumerableGeneric\11_EnumerableGeneric.csproj", "{07A91AFB-98CB-4FBF-8C55-BC78EFC41915}"
EndProject
Global
	GlobalSection(SolutionConfigurationPlatforms) = preSolution
		Debug|Any CPU = Debug|Any CPU
		Release|Any CPU = Release|Any CPU
	EndGlobalSection
	GlobalSection(ProjectConfigurationPlatforms) = postSolution
		{07A91AFB-98CB-4FBF-8C55-BC78EFC41915}.Debug|Any CPU.ActiveCfg = Debug|Any CPU
		{07A91AFB-98CB-4FBF-8C55-BC78EFC41915}.Debug|Any CPU.Build.0 = Debug|Any CPU
		{07A91AFB-98CB-4FBF-8C55-BC78EFC41915}.Release|Any CPU.ActiveCfg = Release|Any CPU
		{07A91AFB-98CB-4FBF-8C55-BC78EFC41915}.Release|Any CPU.Build.0 = Release|Any CPU
	EndGlobalSection
	GlobalSection(SolutionProperties) = preSolution
		HideSolutionNode = FALSE
	EndGlobalSection
	GlobalSection(ExtensibilityGlobals) = postSolution
		SolutionGuid = {484A0A6C-C0CA-4053-BE22-D09652A2F17C}
	EndGlobalSection
EndGlobal
