
Microsoft Visual Studio Solution File, Format Version 12.00
# Visual Studio Version 16
VisualStudioVersion = 16.0.31005.135
MinimumVisualStudioVersion = 10.0.40219.1
Project("{FAE04EC0-301F-11D3-BF4B-00C04F79EFBC}") = "12_Finally", "12_Finally\12_Finally.csproj", "{373913EC-D217-4579-90AA-845438A4A2CC}"
EndProject
Global
	GlobalSection(SolutionConfigurationPlatforms) = preSolution
		Debug|Any CPU = Debug|Any CPU
		Release|Any CPU = Release|Any CPU
	EndGlobalSection
	GlobalSection(ProjectConfigurationPlatforms) = postSolution
		{373913EC-D217-4579-90AA-845438A4A2CC}.Debug|Any CPU.ActiveCfg = Debug|Any CPU
		{373913EC-D217-4579-90AA-845438A4A2CC}.Debug|Any CPU.Build.0 = Debug|Any CPU
		{373913EC-D217-4579-90AA-845438A4A2CC}.Release|Any CPU.ActiveCfg = Release|Any CPU
		{373913EC-D217-4579-90AA-845438A4A2CC}.Release|Any CPU.Build.0 = Release|Any CPU
	EndGlobalSection
	GlobalSection(SolutionProperties) = preSolution
		HideSolutionNode = FALSE
	EndGlobalSection
	GlobalSection(ExtensibilityGlobals) = postSolution
		SolutionGuid = {206C8CDE-AD9F-43C0-94FC-14B57BA9A6CA}
	EndGlobalSection
EndGlobal
