
Microsoft Visual Studio Solution File, Format Version 12.00
# Visual Studio Version 16
VisualStudioVersion = 16.0.31005.135
MinimumVisualStudioVersion = 10.0.40219.1
Project("{FAE04EC0-301F-11D3-BF4B-00C04F79EFBC}") = "19_BasicThread", "19_BasicThread\19_BasicThread.csproj", "{432F0464-41EE-414A-8367-C48F7E98A4B6}"
EndProject
Global
	GlobalSection(SolutionConfigurationPlatforms) = preSolution
		Debug|Any CPU = Debug|Any CPU
		Release|Any CPU = Release|Any CPU
	EndGlobalSection
	GlobalSection(ProjectConfigurationPlatforms) = postSolution
		{432F0464-41EE-414A-8367-C48F7E98A4B6}.Debug|Any CPU.ActiveCfg = Debug|Any CPU
		{432F0464-41EE-414A-8367-C48F7E98A4B6}.Debug|Any CPU.Build.0 = Debug|Any CPU
		{432F0464-41EE-414A-8367-C48F7E98A4B6}.Release|Any CPU.ActiveCfg = Release|Any CPU
		{432F0464-41EE-414A-8367-C48F7E98A4B6}.Release|Any CPU.Build.0 = Release|Any CPU
	EndGlobalSection
	GlobalSection(SolutionProperties) = preSolution
		HideSolutionNode = FALSE
	EndGlobalSection
	GlobalSection(ExtensibilityGlobals) = postSolution
		SolutionGuid = {01526E59-B6E6-4F7A-B597-D1FD7C55B572}
	EndGlobalSection
EndGlobal
