
Microsoft Visual Studio Solution File, Format Version 12.00
# Visual Studio Version 16
VisualStudioVersion = 16.0.31005.135
MinimumVisualStudioVersion = 10.0.40219.1
Project("{FAE04EC0-301F-11D3-BF4B-00C04F79EFBC}") = "10_UsingList", "10_UsingList\10_UsingList.csproj", "{2E3FA2CD-3FC2-4A4A-8338-018584360D78}"
EndProject
Global
	GlobalSection(SolutionConfigurationPlatforms) = preSolution
		Debug|Any CPU = Debug|Any CPU
		Release|Any CPU = Release|Any CPU
	EndGlobalSection
	GlobalSection(ProjectConfigurationPlatforms) = postSolution
		{2E3FA2CD-3FC2-4A4A-8338-018584360D78}.Debug|Any CPU.ActiveCfg = Debug|Any CPU
		{2E3FA2CD-3FC2-4A4A-8338-018584360D78}.Debug|Any CPU.Build.0 = Debug|Any CPU
		{2E3FA2CD-3FC2-4A4A-8338-018584360D78}.Release|Any CPU.ActiveCfg = Release|Any CPU
		{2E3FA2CD-3FC2-4A4A-8338-018584360D78}.Release|Any CPU.Build.0 = Release|Any CPU
	EndGlobalSection
	GlobalSection(SolutionProperties) = preSolution
		HideSolutionNode = FALSE
	EndGlobalSection
	GlobalSection(ExtensibilityGlobals) = postSolution
		SolutionGuid = {55E09D80-53C8-47F3-B8BA-225DEC2E1AE8}
	EndGlobalSection
EndGlobal
