
Microsoft Visual Studio Solution File, Format Version 12.00
# Visual Studio Version 16
VisualStudioVersion = 16.0.31005.135
MinimumVisualStudioVersion = 10.0.40219.1
Project("{FAE04EC0-301F-11D3-BF4B-00C04F79EFBC}") = "18_SeqNRand2", "18_SeqNRand2\18_SeqNRand2.csproj", "{1D69ACFE-8212-4452-87BA-2129A9D5B0BE}"
EndProject
Global
	GlobalSection(SolutionConfigurationPlatforms) = preSolution
		Debug|Any CPU = Debug|Any CPU
		Release|Any CPU = Release|Any CPU
	EndGlobalSection
	GlobalSection(ProjectConfigurationPlatforms) = postSolution
		{1D69ACFE-8212-4452-87BA-2129A9D5B0BE}.Debug|Any CPU.ActiveCfg = Debug|Any CPU
		{1D69ACFE-8212-4452-87BA-2129A9D5B0BE}.Debug|Any CPU.Build.0 = Debug|Any CPU
		{1D69ACFE-8212-4452-87BA-2129A9D5B0BE}.Release|Any CPU.ActiveCfg = Release|Any CPU
		{1D69ACFE-8212-4452-87BA-2129A9D5B0BE}.Release|Any CPU.Build.0 = Release|Any CPU
	EndGlobalSection
	GlobalSection(SolutionProperties) = preSolution
		HideSolutionNode = FALSE
	EndGlobalSection
	GlobalSection(ExtensibilityGlobals) = postSolution
		SolutionGuid = {655D3128-53F5-4682-9E37-9BB6D4E361AC}
	EndGlobalSection
EndGlobal
