
Microsoft Visual Studio Solution File, Format Version 12.00
# Visual Studio 15
VisualStudioVersion = 15.0.28307.1300
MinimumVisualStudioVersion = 10.0.40219.1
Project("{FAE04EC0-301F-11D3-BF4B-00C04F79EFBC}") = "03_Enum2", "03_Enum2\03_Enum2.csproj", "{4BED8EC2-5261-449B-B6AE-F5F2EC71141E}"
EndProject
Global
	GlobalSection(SolutionConfigurationPlatforms) = preSolution
		Debug|Any CPU = Debug|Any CPU
		Release|Any CPU = Release|Any CPU
	EndGlobalSection
	GlobalSection(ProjectConfigurationPlatforms) = postSolution
		{4BED8EC2-5261-449B-B6AE-F5F2EC71141E}.Debug|Any CPU.ActiveCfg = Debug|Any CPU
		{4BED8EC2-5261-449B-B6AE-F5F2EC71141E}.Debug|Any CPU.Build.0 = Debug|Any CPU
		{4BED8EC2-5261-449B-B6AE-F5F2EC71141E}.Release|Any CPU.ActiveCfg = Release|Any CPU
		{4BED8EC2-5261-449B-B6AE-F5F2EC71141E}.Release|Any CPU.Build.0 = Release|Any CPU
	EndGlobalSection
	GlobalSection(SolutionProperties) = preSolution
		HideSolutionNode = FALSE
	EndGlobalSection
	GlobalSection(ExtensibilityGlobals) = postSolution
		SolutionGuid = {ADDDF43F-FD6F-4921-816A-EEA1CD851D20}
	EndGlobalSection
EndGlobal
