
Microsoft Visual Studio Solution File, Format Version 12.00
# Visual Studio Version 16
VisualStudioVersion = 16.0.31005.135
MinimumVisualStudioVersion = 10.0.40219.1
Project("{FAE04EC0-301F-11D3-BF4B-00C04F79EFBC}") = "10_ArraySample", "10_ArraySample\10_ArraySample.csproj", "{09C79E3A-B894-4103-91D9-276F900412A8}"
EndProject
Global
	GlobalSection(SolutionConfigurationPlatforms) = preSolution
		Debug|Any CPU = Debug|Any CPU
		Release|Any CPU = Release|Any CPU
	EndGlobalSection
	GlobalSection(ProjectConfigurationPlatforms) = postSolution
		{09C79E3A-B894-4103-91D9-276F900412A8}.Debug|Any CPU.ActiveCfg = Debug|Any CPU
		{09C79E3A-B894-4103-91D9-276F900412A8}.Debug|Any CPU.Build.0 = Debug|Any CPU
		{09C79E3A-B894-4103-91D9-276F900412A8}.Release|Any CPU.ActiveCfg = Release|Any CPU
		{09C79E3A-B894-4103-91D9-276F900412A8}.Release|Any CPU.Build.0 = Release|Any CPU
	EndGlobalSection
	GlobalSection(SolutionProperties) = preSolution
		HideSolutionNode = FALSE
	EndGlobalSection
	GlobalSection(ExtensibilityGlobals) = postSolution
		SolutionGuid = {6290FE32-AAEF-4B56-8CE8-F1479C4D93BF}
	EndGlobalSection
EndGlobal
