
Microsoft Visual Studio Solution File, Format Version 12.00
# Visual Studio Version 16
VisualStudioVersion = 16.0.31005.135
MinimumVisualStudioVersion = 10.0.40219.1
Project("{FAE04EC0-301F-11D3-BF4B-00C04F79EFBC}") = "19_AbortingThread", "19_AbortingThread\19_AbortingThread.csproj", "{21ED43FF-3CDC-4C61-BE6E-2C2ED2F39786}"
EndProject
Global
	GlobalSection(SolutionConfigurationPlatforms) = preSolution
		Debug|Any CPU = Debug|Any CPU
		Release|Any CPU = Release|Any CPU
	EndGlobalSection
	GlobalSection(ProjectConfigurationPlatforms) = postSolution
		{21ED43FF-3CDC-4C61-BE6E-2C2ED2F39786}.Debug|Any CPU.ActiveCfg = Debug|Any CPU
		{21ED43FF-3CDC-4C61-BE6E-2C2ED2F39786}.Debug|Any CPU.Build.0 = Debug|Any CPU
		{21ED43FF-3CDC-4C61-BE6E-2C2ED2F39786}.Release|Any CPU.ActiveCfg = Release|Any CPU
		{21ED43FF-3CDC-4C61-BE6E-2C2ED2F39786}.Release|Any CPU.Build.0 = Release|Any CPU
	EndGlobalSection
	GlobalSection(SolutionProperties) = preSolution
		HideSolutionNode = FALSE
	EndGlobalSection
	GlobalSection(ExtensibilityGlobals) = postSolution
		SolutionGuid = {3BF84E6E-6C81-4EC2-9DFC-317F72FD837E}
	EndGlobalSection
EndGlobal
