
Microsoft Visual Studio Solution File, Format Version 12.00
# Visual Studio Version 16
VisualStudioVersion = 16.0.31005.135
MinimumVisualStudioVersion = 10.0.40219.1
Project("{FAE04EC0-301F-11D3-BF4B-00C04F79EFBC}") = "07_Overriding", "07_Overriding\07_Overriding.csproj", "{A6AE46AC-D5EF-4A3A-9632-4EDB69F06200}"
EndProject
Global
	GlobalSection(SolutionConfigurationPlatforms) = preSolution
		Debug|Any CPU = Debug|Any CPU
		Release|Any CPU = Release|Any CPU
	EndGlobalSection
	GlobalSection(ProjectConfigurationPlatforms) = postSolution
		{A6AE46AC-D5EF-4A3A-9632-4EDB69F06200}.Debug|Any CPU.ActiveCfg = Debug|Any CPU
		{A6AE46AC-D5EF-4A3A-9632-4EDB69F06200}.Debug|Any CPU.Build.0 = Debug|Any CPU
		{A6AE46AC-D5EF-4A3A-9632-4EDB69F06200}.Release|Any CPU.ActiveCfg = Release|Any CPU
		{A6AE46AC-D5EF-4A3A-9632-4EDB69F06200}.Release|Any CPU.Build.0 = Release|Any CPU
	EndGlobalSection
	GlobalSection(SolutionProperties) = preSolution
		HideSolutionNode = FALSE
	EndGlobalSection
	GlobalSection(ExtensibilityGlobals) = postSolution
		SolutionGuid = {AB880D5D-DEBD-40A4-8025-C985E930D630}
	EndGlobalSection
EndGlobal
