
Microsoft Visual Studio Solution File, Format Version 12.00
# Visual Studio Version 16
VisualStudioVersion = 16.0.31005.135
MinimumVisualStudioVersion = 10.0.40219.1
Project("{FAE04EC0-301F-11D3-BF4B-00C04F79EFBC}") = "07_BasicClass", "07_BasicClass\07_BasicClass.csproj", "{F9EFD44F-6406-4924-A0AE-A564D489120E}"
EndProject
Global
	GlobalSection(SolutionConfigurationPlatforms) = preSolution
		Debug|Any CPU = Debug|Any CPU
		Release|Any CPU = Release|Any CPU
	EndGlobalSection
	GlobalSection(ProjectConfigurationPlatforms) = postSolution
		{F9EFD44F-6406-4924-A0AE-A564D489120E}.Debug|Any CPU.ActiveCfg = Debug|Any CPU
		{F9EFD44F-6406-4924-A0AE-A564D489120E}.Debug|Any CPU.Build.0 = Debug|Any CPU
		{F9EFD44F-6406-4924-A0AE-A564D489120E}.Release|Any CPU.ActiveCfg = Release|Any CPU
		{F9EFD44F-6406-4924-A0AE-A564D489120E}.Release|Any CPU.Build.0 = Release|Any CPU
	EndGlobalSection
	GlobalSection(SolutionProperties) = preSolution
		HideSolutionNode = FALSE
	EndGlobalSection
	GlobalSection(ExtensibilityGlobals) = postSolution
		SolutionGuid = {FAC79566-6D3B-4994-B642-11F575432D51}
	EndGlobalSection
EndGlobal
