
Microsoft Visual Studio Solution File, Format Version 12.00
# Visual Studio Version 16
VisualStudioVersion = 16.0.31005.135
MinimumVisualStudioVersion = 10.0.40219.1
Project("{FAE04EC0-301F-11D3-BF4B-00C04F79EFBC}") = "07_ThisConstructor", "07_ThisConstructor\07_ThisConstructor.csproj", "{B38D19C6-89DC-495F-9E92-483500B626BE}"
EndProject
Global
	GlobalSection(SolutionConfigurationPlatforms) = preSolution
		Debug|Any CPU = Debug|Any CPU
		Release|Any CPU = Release|Any CPU
	EndGlobalSection
	GlobalSection(ProjectConfigurationPlatforms) = postSolution
		{B38D19C6-89DC-495F-9E92-483500B626BE}.Debug|Any CPU.ActiveCfg = Debug|Any CPU
		{B38D19C6-89DC-495F-9E92-483500B626BE}.Debug|Any CPU.Build.0 = Debug|Any CPU
		{B38D19C6-89DC-495F-9E92-483500B626BE}.Release|Any CPU.ActiveCfg = Release|Any CPU
		{B38D19C6-89DC-495F-9E92-483500B626BE}.Release|Any CPU.Build.0 = Release|Any CPU
	EndGlobalSection
	GlobalSection(SolutionProperties) = preSolution
		HideSolutionNode = FALSE
	EndGlobalSection
	GlobalSection(ExtensibilityGlobals) = postSolution
		SolutionGuid = {BB5DE9F3-E4A4-4BA2-B2B9-3CBA13A660B4}
	EndGlobalSection
EndGlobal
