
Microsoft Visual Studio Solution File, Format Version 12.00
# Visual Studio Version 16
VisualStudioVersion = 16.0.31005.135
MinimumVisualStudioVersion = 10.0.40219.1
Project("{FAE04EC0-301F-11D3-BF4B-00C04F79EFBC}") = "09_AnonymousType", "09_AnonymousType\09_AnonymousType.csproj", "{60CF8C8B-A653-488F-971E-205998A4116F}"
EndProject
Global
	GlobalSection(SolutionConfigurationPlatforms) = preSolution
		Debug|Any CPU = Debug|Any CPU
		Release|Any CPU = Release|Any CPU
	EndGlobalSection
	GlobalSection(ProjectConfigurationPlatforms) = postSolution
		{60CF8C8B-A653-488F-971E-205998A4116F}.Debug|Any CPU.ActiveCfg = Debug|Any CPU
		{60CF8C8B-A653-488F-971E-205998A4116F}.Debug|Any CPU.Build.0 = Debug|Any CPU
		{60CF8C8B-A653-488F-971E-205998A4116F}.Release|Any CPU.ActiveCfg = Release|Any CPU
		{60CF8C8B-A653-488F-971E-205998A4116F}.Release|Any CPU.Build.0 = Release|Any CPU
	EndGlobalSection
	GlobalSection(SolutionProperties) = preSolution
		HideSolutionNode = FALSE
	EndGlobalSection
	GlobalSection(ExtensibilityGlobals) = postSolution
		SolutionGuid = {16D12464-B821-4A22-96A0-30B2EF38DF9F}
	EndGlobalSection
EndGlobal
