
Microsoft Visual Studio Solution File, Format Version 12.00
# Visual Studio Version 16
VisualStudioVersion = 16.0.31005.135
MinimumVisualStudioVersion = 10.0.40219.1
Project("{FAE04EC0-301F-11D3-BF4B-00C04F79EFBC}") = "FileSender", "FileSender\FileSender.csproj", "{EBCFD0BA-6422-42DB-B741-B30EB4BCE3AF}"
EndProject
Global
	GlobalSection(SolutionConfigurationPlatforms) = preSolution
		Debug|Any CPU = Debug|Any CPU
		Release|Any CPU = Release|Any CPU
	EndGlobalSection
	GlobalSection(ProjectConfigurationPlatforms) = postSolution
		{EBCFD0BA-6422-42DB-B741-B30EB4BCE3AF}.Debug|Any CPU.ActiveCfg = Debug|Any CPU
		{EBCFD0BA-6422-42DB-B741-B30EB4BCE3AF}.Debug|Any CPU.Build.0 = Debug|Any CPU
		{EBCFD0BA-6422-42DB-B741-B30EB4BCE3AF}.Release|Any CPU.ActiveCfg = Release|Any CPU
		{EBCFD0BA-6422-42DB-B741-B30EB4BCE3AF}.Release|Any CPU.Build.0 = Release|Any CPU
	EndGlobalSection
	GlobalSection(SolutionProperties) = preSolution
		HideSolutionNode = FALSE
	EndGlobalSection
	GlobalSection(ExtensibilityGlobals) = postSolution
		SolutionGuid = {EFBD6FFC-627F-4D7F-A54A-DC3B87C54BD7}
	EndGlobalSection
EndGlobal
