
Microsoft Visual Studio Solution File, Format Version 12.00
# Visual Studio Version 16
VisualStudioVersion = 16.0.31005.135
MinimumVisualStudioVersion = 10.0.40219.1
Project("{FAE04EC0-301F-11D3-BF4B-00C04F79EFBC}") = "14_StatementLambda", "14_StatementLambda\14_StatementLambda.csproj", "{514CE9D8-6832-4594-B761-5586B088936B}"
EndProject
Global
	GlobalSection(SolutionConfigurationPlatforms) = preSolution
		Debug|Any CPU = Debug|Any CPU
		Release|Any CPU = Release|Any CPU
	EndGlobalSection
	GlobalSection(ProjectConfigurationPlatforms) = postSolution
		{514CE9D8-6832-4594-B761-5586B088936B}.Debug|Any CPU.ActiveCfg = Debug|Any CPU
		{514CE9D8-6832-4594-B761-5586B088936B}.Debug|Any CPU.Build.0 = Debug|Any CPU
		{514CE9D8-6832-4594-B761-5586B088936B}.Release|Any CPU.ActiveCfg = Release|Any CPU
		{514CE9D8-6832-4594-B761-5586B088936B}.Release|Any CPU.Build.0 = Release|Any CPU
	EndGlobalSection
	GlobalSection(SolutionProperties) = preSolution
		HideSolutionNode = FALSE
	EndGlobalSection
	GlobalSection(ExtensibilityGlobals) = postSolution
		SolutionGuid = {449F022C-2D1F-4F49-8498-BCF5E3C8A268}
	EndGlobalSection
EndGlobal
