
Microsoft Visual Studio Solution File, Format Version 12.00
# Visual Studio Version 16
VisualStudioVersion = 16.0.31005.135
MinimumVisualStudioVersion = 10.0.40219.1
Project("{FAE04EC0-301F-11D3-BF4B-00C04F79EFBC}") = "07_PartialClass", "07_PartialClass\07_PartialClass.csproj", "{943D9064-F669-4239-9D09-E3D276CDB61D}"
EndProject
Global
	GlobalSection(SolutionConfigurationPlatforms) = preSolution
		Debug|Any CPU = Debug|Any CPU
		Release|Any CPU = Release|Any CPU
	EndGlobalSection
	GlobalSection(ProjectConfigurationPlatforms) = postSolution
		{943D9064-F669-4239-9D09-E3D276CDB61D}.Debug|Any CPU.ActiveCfg = Debug|Any CPU
		{943D9064-F669-4239-9D09-E3D276CDB61D}.Debug|Any CPU.Build.0 = Debug|Any CPU
		{943D9064-F669-4239-9D09-E3D276CDB61D}.Release|Any CPU.ActiveCfg = Release|Any CPU
		{943D9064-F669-4239-9D09-E3D276CDB61D}.Release|Any CPU.Build.0 = Release|Any CPU
	EndGlobalSection
	GlobalSection(SolutionProperties) = preSolution
		HideSolutionNode = FALSE
	EndGlobalSection
	GlobalSection(ExtensibilityGlobals) = postSolution
		SolutionGuid = {9143A654-B9DC-40A7-B4BB-3A3409B8EFD6}
	EndGlobalSection
EndGlobal
