
Microsoft Visual Studio Solution File, Format Version 12.00
# Visual Studio Version 16
VisualStudioVersion = 16.0.31005.135
MinimumVisualStudioVersion = 10.0.40219.1
Project("{FAE04EC0-301F-11D3-BF4B-00C04F79EFBC}") = "18_Dir", "18_Dir\18_Dir.csproj", "{8BF0BF10-4447-4819-AB27-4BF491B54E32}"
EndProject
Global
	GlobalSection(SolutionConfigurationPlatforms) = preSolution
		Debug|Any CPU = Debug|Any CPU
		Release|Any CPU = Release|Any CPU
	EndGlobalSection
	GlobalSection(ProjectConfigurationPlatforms) = postSolution
		{8BF0BF10-4447-4819-AB27-4BF491B54E32}.Debug|Any CPU.ActiveCfg = Debug|Any CPU
		{8BF0BF10-4447-4819-AB27-4BF491B54E32}.Debug|Any CPU.Build.0 = Debug|Any CPU
		{8BF0BF10-4447-4819-AB27-4BF491B54E32}.Release|Any CPU.ActiveCfg = Release|Any CPU
		{8BF0BF10-4447-4819-AB27-4BF491B54E32}.Release|Any CPU.Build.0 = Release|Any CPU
	EndGlobalSection
	GlobalSection(SolutionProperties) = preSolution
		HideSolutionNode = FALSE
	EndGlobalSection
	GlobalSection(ExtensibilityGlobals) = postSolution
		SolutionGuid = {27A8A61A-C63C-46E1-8B98-1BAA45BEC153}
	EndGlobalSection
EndGlobal
