
Microsoft Visual Studio Solution File, Format Version 12.00
# Visual Studio Version 16
VisualStudioVersion = 16.0.31005.135
MinimumVisualStudioVersion = 10.0.40219.1
Project("{FAE04EC0-301F-11D3-BF4B-00C04F79EFBC}") = "19_WaitPulse", "19_WaitPulse\19_WaitPulse.csproj", "{5CFDC7D0-2C5C-412A-AD13-BD1599BDA29C}"
EndProject
Global
	GlobalSection(SolutionConfigurationPlatforms) = preSolution
		Debug|Any CPU = Debug|Any CPU
		Release|Any CPU = Release|Any CPU
	EndGlobalSection
	GlobalSection(ProjectConfigurationPlatforms) = postSolution
		{5CFDC7D0-2C5C-412A-AD13-BD1599BDA29C}.Debug|Any CPU.ActiveCfg = Debug|Any CPU
		{5CFDC7D0-2C5C-412A-AD13-BD1599BDA29C}.Debug|Any CPU.Build.0 = Debug|Any CPU
		{5CFDC7D0-2C5C-412A-AD13-BD1599BDA29C}.Release|Any CPU.ActiveCfg = Release|Any CPU
		{5CFDC7D0-2C5C-412A-AD13-BD1599BDA29C}.Release|Any CPU.Build.0 = Release|Any CPU
	EndGlobalSection
	GlobalSection(SolutionProperties) = preSolution
		HideSolutionNode = FALSE
	EndGlobalSection
	GlobalSection(ExtensibilityGlobals) = postSolution
		SolutionGuid = {125D9066-C25D-447C-911A-8D854E0BA381}
	EndGlobalSection
EndGlobal
