
Microsoft Visual Studio Solution File, Format Version 12.00
# Visual Studio Version 16
VisualStudioVersion = 16.0.31005.135
MinimumVisualStudioVersion = 10.0.40219.1
Project("{FAE04EC0-301F-11D3-BF4B-00C04F79EFBC}") = "05_For", "05_For\05_For.csproj", "{3A941D34-9E14-407F-ADF5-A976B856D19D}"
EndProject
Global
	GlobalSection(SolutionConfigurationPlatforms) = preSolution
		Debug|Any CPU = Debug|Any CPU
		Release|Any CPU = Release|Any CPU
	EndGlobalSection
	GlobalSection(ProjectConfigurationPlatforms) = postSolution
		{3A941D34-9E14-407F-ADF5-A976B856D19D}.Debug|Any CPU.ActiveCfg = Debug|Any CPU
		{3A941D34-9E14-407F-ADF5-A976B856D19D}.Debug|Any CPU.Build.0 = Debug|Any CPU
		{3A941D34-9E14-407F-ADF5-A976B856D19D}.Release|Any CPU.ActiveCfg = Release|Any CPU
		{3A941D34-9E14-407F-ADF5-A976B856D19D}.Release|Any CPU.Build.0 = Release|Any CPU
	EndGlobalSection
	GlobalSection(SolutionProperties) = preSolution
		HideSolutionNode = FALSE
	EndGlobalSection
	GlobalSection(ExtensibilityGlobals) = postSolution
		SolutionGuid = {01041409-6E05-4338-87BF-2C2E916F649A}
	EndGlobalSection
EndGlobal
