
Microsoft Visual Studio Solution File, Format Version 12.00
# Visual Studio Version 16
VisualStudioVersion = 16.0.31005.135
MinimumVisualStudioVersion = 10.0.40219.1
Project("{FAE04EC0-301F-11D3-BF4B-00C04F79EFBC}") = "20_FormAndControl", "20_FormAndControl\20_FormAndControl.csproj", "{11909A2E-BF8B-4557-B3B2-E79D9F328921}"
EndProject
Global
	GlobalSection(SolutionConfigurationPlatforms) = preSolution
		Debug|Any CPU = Debug|Any CPU
		Release|Any CPU = Release|Any CPU
	EndGlobalSection
	GlobalSection(ProjectConfigurationPlatforms) = postSolution
		{11909A2E-BF8B-4557-B3B2-E79D9F328921}.Debug|Any CPU.ActiveCfg = Debug|Any CPU
		{11909A2E-BF8B-4557-B3B2-E79D9F328921}.Debug|Any CPU.Build.0 = Debug|Any CPU
		{11909A2E-BF8B-4557-B3B2-E79D9F328921}.Release|Any CPU.ActiveCfg = Release|Any CPU
		{11909A2E-BF8B-4557-B3B2-E79D9F328921}.Release|Any CPU.Build.0 = Release|Any CPU
	EndGlobalSection
	GlobalSection(SolutionProperties) = preSolution
		HideSolutionNode = FALSE
	EndGlobalSection
	GlobalSection(ExtensibilityGlobals) = postSolution
		SolutionGuid = {19379D88-296C-400A-A6A1-CFA9D846D272}
	EndGlobalSection
EndGlobal
