
Microsoft Visual Studio Solution File, Format Version 12.00
# Visual Studio Version 16
VisualStudioVersion = 16.0.31005.135
MinimumVisualStudioVersion = 10.0.40219.1
Project("{FAE04EC0-301F-11D3-BF4B-00C04F79EFBC}") = "14_ExpressionBodiedMember", "14_ExpressionBodiedMember\14_ExpressionBodiedMember.csproj", "{16B820AC-47CD-4039-A387-E7BB2EBB293F}"
EndProject
Global
	GlobalSection(SolutionConfigurationPlatforms) = preSolution
		Debug|Any CPU = Debug|Any CPU
		Release|Any CPU = Release|Any CPU
	EndGlobalSection
	GlobalSection(ProjectConfigurationPlatforms) = postSolution
		{16B820AC-47CD-4039-A387-E7BB2EBB293F}.Debug|Any CPU.ActiveCfg = Debug|Any CPU
		{16B820AC-47CD-4039-A387-E7BB2EBB293F}.Debug|Any CPU.Build.0 = Debug|Any CPU
		{16B820AC-47CD-4039-A387-E7BB2EBB293F}.Release|Any CPU.ActiveCfg = Release|Any CPU
		{16B820AC-47CD-4039-A387-E7BB2EBB293F}.Release|Any CPU.Build.0 = Release|Any CPU
	EndGlobalSection
	GlobalSection(SolutionProperties) = preSolution
		HideSolutionNode = FALSE
	EndGlobalSection
	GlobalSection(ExtensibilityGlobals) = postSolution
		SolutionGuid = {A20B255B-A8FB-4297-AA0B-E3B5F049AE4D}
	EndGlobalSection
EndGlobal
