
Microsoft Visual Studio Solution File, Format Version 12.00
# Visual Studio Version 16
VisualStudioVersion = 16.0.31005.135
MinimumVisualStudioVersion = 10.0.40219.1
Project("{FAE04EC0-301F-11D3-BF4B-00C04F79EFBC}") = "16_EmitTest", "16_EmitTest\16_EmitTest.csproj", "{0D51822D-D10B-46C1-BA1E-E4C65B008F40}"
EndProject
Global
	GlobalSection(SolutionConfigurationPlatforms) = preSolution
		Debug|Any CPU = Debug|Any CPU
		Release|Any CPU = Release|Any CPU
	EndGlobalSection
	GlobalSection(ProjectConfigurationPlatforms) = postSolution
		{0D51822D-D10B-46C1-BA1E-E4C65B008F40}.Debug|Any CPU.ActiveCfg = Debug|Any CPU
		{0D51822D-D10B-46C1-BA1E-E4C65B008F40}.Debug|Any CPU.Build.0 = Debug|Any CPU
		{0D51822D-D10B-46C1-BA1E-E4C65B008F40}.Release|Any CPU.ActiveCfg = Release|Any CPU
		{0D51822D-D10B-46C1-BA1E-E4C65B008F40}.Release|Any CPU.Build.0 = Release|Any CPU
	EndGlobalSection
	GlobalSection(SolutionProperties) = preSolution
		HideSolutionNode = FALSE
	EndGlobalSection
	GlobalSection(ExtensibilityGlobals) = postSolution
		SolutionGuid = {8C63E2C1-1CE7-425F-9B49-1058C0E66E00}
	EndGlobalSection
EndGlobal
